
Microsoft Visual Studio Solution File, Format Version 11.00
# Visual C# Express 2010
Project("{FAE04EC0-301F-11D3-BF4B-00C04F79EFBC}") = "EnigmaSim.Tests", "EnigmaSim.Tests\EnigmaSim.Tests.csproj", "{7133B259-00C8-4477-AA94-3EF23AFED451}"
EndProject
Project("{2150E333-8FDC-42A3-9474-1A3956D46DE8}") = "Solution Items", "Solution Items", "{6C2BC3A9-7A03-4E42-9970-AF328C9A8F58}"
	ProjectSection(SolutionItems) = preProject
		EnigmaSim.vsmdi = EnigmaSim.vsmdi
		Local.testsettings = Local.testsettings
		TraceAndTestImpact.testsettings = TraceAndTestImpact.testsettings
	EndProjectSection
EndProject
Project("{FAE04EC0-301F-11D3-BF4B-00C04F79EFBC}") = "EnigmaSim.Model", "EnigmaSim.Model\EnigmaSim.Model.csproj", "{188A21CF-8608-432B-BAB1-B41D21DD187E}"
EndProject
Project("{FAE04EC0-301F-11D3-BF4B-00C04F79EFBC}") = "EnigmaSim.EnigmaEngine", "EnigmaSim.EnigmaEngine\EnigmaSim.EnigmaEngine.csproj", "{32C8D39E-DCB0-4F56-8AA2-A29AE8CABF28}"
EndProject
Project("{FAE04EC0-301F-11D3-BF4B-00C04F79EFBC}") = "EnigmaSim.Components", "EnigmaSim.Components\EnigmaSim.Components.csproj", "{0D240655-2D39-4BA3-95DE-C1E4616D0EC0}"
EndProject
Project("{FAE04EC0-301F-11D3-BF4B-00C04F79EFBC}") = "EnigmaSim.ConsoleTest", "EnigmaSim.ConsoleTest\EnigmaSim.ConsoleTest.csproj", "{8211B85B-02E7-4EAA-B52B-BFDBEE1B5F85}"
EndProject
Project("{FAE04EC0-301F-11D3-BF4B-00C04F79EFBC}") = "Enigma.Simulator", "Enigma.Simulator\Enigma.Simulator.csproj", "{B3BA264A-2E14-4358-8AD8-9377C7C899A3}"
EndProject
Project("{FAE04EC0-301F-11D3-BF4B-00C04F79EFBC}") = "EnigmaSim", "EnigmaSim\EnigmaSim.csproj", "{C1F3AD63-B948-4770-AA46-64F871E42E3B}"
EndProject
Global
	GlobalSection(SolutionConfigurationPlatforms) = preSolution
		Debug|Any CPU = Debug|Any CPU
		Debug|Mixed Platforms = Debug|Mixed Platforms
		Debug|x86 = Debug|x86
		Release|Any CPU = Release|Any CPU
		Release|Mixed Platforms = Release|Mixed Platforms
		Release|x86 = Release|x86
		Debug|iPhoneSimulator = Debug|iPhoneSimulator
		Release|iPhone = Release|iPhone
		Release|iPhoneSimulator = Release|iPhoneSimulator
		Debug|iPhone = Debug|iPhone
	EndGlobalSection
	GlobalSection(ProjectConfigurationPlatforms) = postSolution
		{7133B259-00C8-4477-AA94-3EF23AFED451}.Debug|Any CPU.ActiveCfg = Debug|Any CPU
		{7133B259-00C8-4477-AA94-3EF23AFED451}.Debug|Any CPU.Build.0 = Debug|Any CPU
		{7133B259-00C8-4477-AA94-3EF23AFED451}.Debug|Mixed Platforms.ActiveCfg = Debug|Any CPU
		{7133B259-00C8-4477-AA94-3EF23AFED451}.Debug|x86.ActiveCfg = Debug|Any CPU
		{7133B259-00C8-4477-AA94-3EF23AFED451}.Release|Any CPU.ActiveCfg = Release|Any CPU
		{7133B259-00C8-4477-AA94-3EF23AFED451}.Release|Any CPU.Build.0 = Release|Any CPU
		{7133B259-00C8-4477-AA94-3EF23AFED451}.Release|Mixed Platforms.ActiveCfg = Release|Any CPU
		{7133B259-00C8-4477-AA94-3EF23AFED451}.Release|x86.ActiveCfg = Release|Any CPU
		{7133B259-00C8-4477-AA94-3EF23AFED451}.Debug|iPhoneSimulator.ActiveCfg = Debug|Any CPU
		{7133B259-00C8-4477-AA94-3EF23AFED451}.Debug|iPhoneSimulator.Build.0 = Debug|Any CPU
		{7133B259-00C8-4477-AA94-3EF23AFED451}.Release|iPhone.ActiveCfg = Release|Any CPU
		{7133B259-00C8-4477-AA94-3EF23AFED451}.Release|iPhone.Build.0 = Release|Any CPU
		{7133B259-00C8-4477-AA94-3EF23AFED451}.Release|iPhoneSimulator.ActiveCfg = Release|Any CPU
		{7133B259-00C8-4477-AA94-3EF23AFED451}.Release|iPhoneSimulator.Build.0 = Release|Any CPU
		{7133B259-00C8-4477-AA94-3EF23AFED451}.Debug|iPhone.ActiveCfg = Debug|Any CPU
		{7133B259-00C8-4477-AA94-3EF23AFED451}.Debug|iPhone.Build.0 = Debug|Any CPU
		{188A21CF-8608-432B-BAB1-B41D21DD187E}.Debug|Any CPU.ActiveCfg = Debug|Any CPU
		{188A21CF-8608-432B-BAB1-B41D21DD187E}.Debug|Any CPU.Build.0 = Debug|Any CPU
		{188A21CF-8608-432B-BAB1-B41D21DD187E}.Debug|Mixed Platforms.ActiveCfg = Debug|Any CPU
		{188A21CF-8608-432B-BAB1-B41D21DD187E}.Debug|Mixed Platforms.Build.0 = Debug|Any CPU
		{188A21CF-8608-432B-BAB1-B41D21DD187E}.Debug|x86.ActiveCfg = Debug|Any CPU
		{188A21CF-8608-432B-BAB1-B41D21DD187E}.Release|Any CPU.ActiveCfg = Release|Any CPU
		{188A21CF-8608-432B-BAB1-B41D21DD187E}.Release|Any CPU.Build.0 = Release|Any CPU
		{188A21CF-8608-432B-BAB1-B41D21DD187E}.Release|Mixed Platforms.ActiveCfg = Release|Any CPU
		{188A21CF-8608-432B-BAB1-B41D21DD187E}.Release|Mixed Platforms.Build.0 = Release|Any CPU
		{188A21CF-8608-432B-BAB1-B41D21DD187E}.Release|x86.ActiveCfg = Release|Any CPU
		{188A21CF-8608-432B-BAB1-B41D21DD187E}.Debug|iPhoneSimulator.ActiveCfg = Debug|Any CPU
		{188A21CF-8608-432B-BAB1-B41D21DD187E}.Debug|iPhoneSimulator.Build.0 = Debug|Any CPU
		{188A21CF-8608-432B-BAB1-B41D21DD187E}.Release|iPhone.ActiveCfg = Release|Any CPU
		{188A21CF-8608-432B-BAB1-B41D21DD187E}.Release|iPhone.Build.0 = Release|Any CPU
		{188A21CF-8608-432B-BAB1-B41D21DD187E}.Release|iPhoneSimulator.ActiveCfg = Release|Any CPU
		{188A21CF-8608-432B-BAB1-B41D21DD187E}.Release|iPhoneSimulator.Build.0 = Release|Any CPU
		{188A21CF-8608-432B-BAB1-B41D21DD187E}.Debug|iPhone.ActiveCfg = Debug|Any CPU
		{188A21CF-8608-432B-BAB1-B41D21DD187E}.Debug|iPhone.Build.0 = Debug|Any CPU
		{32C8D39E-DCB0-4F56-8AA2-A29AE8CABF28}.Debug|Any CPU.ActiveCfg = Debug|Any CPU
		{32C8D39E-DCB0-4F56-8AA2-A29AE8CABF28}.Debug|Any CPU.Build.0 = Debug|Any CPU
		{32C8D39E-DCB0-4F56-8AA2-A29AE8CABF28}.Debug|Mixed Platforms.ActiveCfg = Debug|Any CPU
		{32C8D39E-DCB0-4F56-8AA2-A29AE8CABF28}.Debug|Mixed Platforms.Build.0 = Debug|Any CPU
		{32C8D39E-DCB0-4F56-8AA2-A29AE8CABF28}.Debug|x86.ActiveCfg = Debug|Any CPU
		{32C8D39E-DCB0-4F56-8AA2-A29AE8CABF28}.Release|Any CPU.ActiveCfg = Release|Any CPU
		{32C8D39E-DCB0-4F56-8AA2-A29AE8CABF28}.Release|Any CPU.Build.0 = Release|Any CPU
		{32C8D39E-DCB0-4F56-8AA2-A29AE8CABF28}.Release|Mixed Platforms.ActiveCfg = Release|Any CPU
		{32C8D39E-DCB0-4F56-8AA2-A29AE8CABF28}.Release|Mixed Platforms.Build.0 = Release|Any CPU
		{32C8D39E-DCB0-4F56-8AA2-A29AE8CABF28}.Release|x86.ActiveCfg = Release|Any CPU
		{32C8D39E-DCB0-4F56-8AA2-A29AE8CABF28}.Debug|iPhoneSimulator.ActiveCfg = Debug|Any CPU
		{32C8D39E-DCB0-4F56-8AA2-A29AE8CABF28}.Debug|iPhoneSimulator.Build.0 = Debug|Any CPU
		{32C8D39E-DCB0-4F56-8AA2-A29AE8CABF28}.Release|iPhone.ActiveCfg = Release|Any CPU
		{32C8D39E-DCB0-4F56-8AA2-A29AE8CABF28}.Release|iPhone.Build.0 = Release|Any CPU
		{32C8D39E-DCB0-4F56-8AA2-A29AE8CABF28}.Release|iPhoneSimulator.ActiveCfg = Release|Any CPU
		{32C8D39E-DCB0-4F56-8AA2-A29AE8CABF28}.Release|iPhoneSimulator.Build.0 = Release|Any CPU
		{32C8D39E-DCB0-4F56-8AA2-A29AE8CABF28}.Debug|iPhone.ActiveCfg = Debug|Any CPU
		{32C8D39E-DCB0-4F56-8AA2-A29AE8CABF28}.Debug|iPhone.Build.0 = Debug|Any CPU
		{0D240655-2D39-4BA3-95DE-C1E4616D0EC0}.Debug|Any CPU.ActiveCfg = Debug|Any CPU
		{0D240655-2D39-4BA3-95DE-C1E4616D0EC0}.Debug|Any CPU.Build.0 = Debug|Any CPU
		{0D240655-2D39-4BA3-95DE-C1E4616D0EC0}.Debug|Mixed Platforms.ActiveCfg = Debug|Any CPU
		{0D240655-2D39-4BA3-95DE-C1E4616D0EC0}.Debug|Mixed Platforms.Build.0 = Debug|Any CPU
		{0D240655-2D39-4BA3-95DE-C1E4616D0EC0}.Debug|x86.ActiveCfg = Debug|Any CPU
		{0D240655-2D39-4BA3-95DE-C1E4616D0EC0}.Release|Any CPU.ActiveCfg = Release|Any CPU
		{0D240655-2D39-4BA3-95DE-C1E4616D0EC0}.Release|Any CPU.Build.0 = Release|Any CPU
		{0D240655-2D39-4BA3-95DE-C1E4616D0EC0}.Release|Mixed Platforms.ActiveCfg = Release|Any CPU
		{0D240655-2D39-4BA3-95DE-C1E4616D0EC0}.Release|Mixed Platforms.Build.0 = Release|Any CPU
		{0D240655-2D39-4BA3-95DE-C1E4616D0EC0}.Release|x86.ActiveCfg = Release|Any CPU
		{0D240655-2D39-4BA3-95DE-C1E4616D0EC0}.Debug|iPhoneSimulator.ActiveCfg = Debug|Any CPU
		{0D240655-2D39-4BA3-95DE-C1E4616D0EC0}.Debug|iPhoneSimulator.Build.0 = Debug|Any CPU
		{0D240655-2D39-4BA3-95DE-C1E4616D0EC0}.Release|iPhone.ActiveCfg = Release|Any CPU
		{0D240655-2D39-4BA3-95DE-C1E4616D0EC0}.Release|iPhone.Build.0 = Release|Any CPU
		{0D240655-2D39-4BA3-95DE-C1E4616D0EC0}.Release|iPhoneSimulator.ActiveCfg = Release|Any CPU
		{0D240655-2D39-4BA3-95DE-C1E4616D0EC0}.Release|iPhoneSimulator.Build.0 = Release|Any CPU
		{0D240655-2D39-4BA3-95DE-C1E4616D0EC0}.Debug|iPhone.ActiveCfg = Debug|Any CPU
		{0D240655-2D39-4BA3-95DE-C1E4616D0EC0}.Debug|iPhone.Build.0 = Debug|Any CPU
		{8211B85B-02E7-4EAA-B52B-BFDBEE1B5F85}.Debug|Any CPU.ActiveCfg = Debug|x86
		{8211B85B-02E7-4EAA-B52B-BFDBEE1B5F85}.Debug|Mixed Platforms.ActiveCfg = Debug|x86
		{8211B85B-02E7-4EAA-B52B-BFDBEE1B5F85}.Debug|Mixed Platforms.Build.0 = Debug|x86
		{8211B85B-02E7-4EAA-B52B-BFDBEE1B5F85}.Debug|x86.ActiveCfg = Debug|x86
		{8211B85B-02E7-4EAA-B52B-BFDBEE1B5F85}.Debug|x86.Build.0 = Debug|x86
		{8211B85B-02E7-4EAA-B52B-BFDBEE1B5F85}.Release|Any CPU.ActiveCfg = Release|x86
		{8211B85B-02E7-4EAA-B52B-BFDBEE1B5F85}.Release|Mixed Platforms.ActiveCfg = Release|x86
		{8211B85B-02E7-4EAA-B52B-BFDBEE1B5F85}.Release|Mixed Platforms.Build.0 = Release|x86
		{8211B85B-02E7-4EAA-B52B-BFDBEE1B5F85}.Release|x86.ActiveCfg = Release|x86
		{8211B85B-02E7-4EAA-B52B-BFDBEE1B5F85}.Release|x86.Build.0 = Release|x86
		{8211B85B-02E7-4EAA-B52B-BFDBEE1B5F85}.Debug|iPhoneSimulator.ActiveCfg = Debug|x86
		{8211B85B-02E7-4EAA-B52B-BFDBEE1B5F85}.Debug|iPhoneSimulator.Build.0 = Debug|x86
		{8211B85B-02E7-4EAA-B52B-BFDBEE1B5F85}.Release|iPhone.ActiveCfg = Release|x86
		{8211B85B-02E7-4EAA-B52B-BFDBEE1B5F85}.Release|iPhone.Build.0 = Release|x86
		{8211B85B-02E7-4EAA-B52B-BFDBEE1B5F85}.Release|iPhoneSimulator.ActiveCfg = Release|x86
		{8211B85B-02E7-4EAA-B52B-BFDBEE1B5F85}.Release|iPhoneSimulator.Build.0 = Release|x86
		{8211B85B-02E7-4EAA-B52B-BFDBEE1B5F85}.Debug|iPhone.ActiveCfg = Debug|x86
		{8211B85B-02E7-4EAA-B52B-BFDBEE1B5F85}.Debug|iPhone.Build.0 = Debug|x86
		{B3BA264A-2E14-4358-8AD8-9377C7C899A3}.Debug|Any CPU.ActiveCfg = Debug|x86
		{B3BA264A-2E14-4358-8AD8-9377C7C899A3}.Debug|Mixed Platforms.ActiveCfg = Debug|x86
		{B3BA264A-2E14-4358-8AD8-9377C7C899A3}.Debug|Mixed Platforms.Build.0 = Debug|x86
		{B3BA264A-2E14-4358-8AD8-9377C7C899A3}.Debug|x86.ActiveCfg = Debug|x86
		{B3BA264A-2E14-4358-8AD8-9377C7C899A3}.Debug|x86.Build.0 = Debug|x86
		{B3BA264A-2E14-4358-8AD8-9377C7C899A3}.Release|Any CPU.ActiveCfg = Release|x86
		{B3BA264A-2E14-4358-8AD8-9377C7C899A3}.Release|Mixed Platforms.ActiveCfg = Release|x86
		{B3BA264A-2E14-4358-8AD8-9377C7C899A3}.Release|Mixed Platforms.Build.0 = Release|x86
		{B3BA264A-2E14-4358-8AD8-9377C7C899A3}.Release|x86.ActiveCfg = Release|x86
		{B3BA264A-2E14-4358-8AD8-9377C7C899A3}.Release|x86.Build.0 = Release|x86
		{B3BA264A-2E14-4358-8AD8-9377C7C899A3}.Debug|iPhoneSimulator.ActiveCfg = Debug|x86
		{B3BA264A-2E14-4358-8AD8-9377C7C899A3}.Debug|iPhoneSimulator.Build.0 = Debug|x86
		{B3BA264A-2E14-4358-8AD8-9377C7C899A3}.Release|iPhone.ActiveCfg = Release|x86
		{B3BA264A-2E14-4358-8AD8-9377C7C899A3}.Release|iPhone.Build.0 = Release|x86
		{B3BA264A-2E14-4358-8AD8-9377C7C899A3}.Release|iPhoneSimulator.ActiveCfg = Release|x86
		{B3BA264A-2E14-4358-8AD8-9377C7C899A3}.Release|iPhoneSimulator.Build.0 = Release|x86
		{B3BA264A-2E14-4358-8AD8-9377C7C899A3}.Debug|iPhone.ActiveCfg = Debug|x86
		{B3BA264A-2E14-4358-8AD8-9377C7C899A3}.Debug|iPhone.Build.0 = Debug|x86
		{C1F3AD63-B948-4770-AA46-64F871E42E3B}.Debug|Any CPU.ActiveCfg = Debug|iPhoneSimulator
		{C1F3AD63-B948-4770-AA46-64F871E42E3B}.Debug|Any CPU.Build.0 = Debug|iPhoneSimulator
		{C1F3AD63-B948-4770-AA46-64F871E42E3B}.Debug|Mixed Platforms.ActiveCfg = Debug|iPhoneSimulator
		{C1F3AD63-B948-4770-AA46-64F871E42E3B}.Debug|Mixed Platforms.Build.0 = Debug|iPhoneSimulator
		{C1F3AD63-B948-4770-AA46-64F871E42E3B}.Debug|x86.ActiveCfg = Debug|iPhoneSimulator
		{C1F3AD63-B948-4770-AA46-64F871E42E3B}.Debug|x86.Build.0 = Debug|iPhoneSimulator
		{C1F3AD63-B948-4770-AA46-64F871E42E3B}.Release|Any CPU.ActiveCfg = Release|iPhone
		{C1F3AD63-B948-4770-AA46-64F871E42E3B}.Release|Any CPU.Build.0 = Release|iPhone
		{C1F3AD63-B948-4770-AA46-64F871E42E3B}.Release|Mixed Platforms.ActiveCfg = Release|iPhone
		{C1F3AD63-B948-4770-AA46-64F871E42E3B}.Release|Mixed Platforms.Build.0 = Release|iPhone
		{C1F3AD63-B948-4770-AA46-64F871E42E3B}.Release|x86.ActiveCfg = Release|iPhone
		{C1F3AD63-B948-4770-AA46-64F871E42E3B}.Release|x86.Build.0 = Release|iPhone
		{C1F3AD63-B948-4770-AA46-64F871E42E3B}.Debug|iPhoneSimulator.ActiveCfg = Debug|iPhoneSimulator
		{C1F3AD63-B948-4770-AA46-64F871E42E3B}.Debug|iPhoneSimulator.Build.0 = Debug|iPhoneSimulator
		{C1F3AD63-B948-4770-AA46-64F871E42E3B}.Release|iPhone.ActiveCfg = Release|iPhone
		{C1F3AD63-B948-4770-AA46-64F871E42E3B}.Release|iPhone.Build.0 = Release|iPhone
		{C1F3AD63-B948-4770-AA46-64F871E42E3B}.Release|iPhoneSimulator.ActiveCfg = Release|iPhoneSimulator
		{C1F3AD63-B948-4770-AA46-64F871E42E3B}.Release|iPhoneSimulator.Build.0 = Release|iPhoneSimulator
		{C1F3AD63-B948-4770-AA46-64F871E42E3B}.Debug|iPhone.ActiveCfg = Debug|iPhone
		{C1F3AD63-B948-4770-AA46-64F871E42E3B}.Debug|iPhone.Build.0 = Debug|iPhone
	EndGlobalSection
	GlobalSection(SolutionProperties) = preSolution
		HideSolutionNode = FALSE
	EndGlobalSection
	GlobalSection(TestCaseManagementSettings) = postSolution
		CategoryFile = EnigmaSim.vsmdi
	EndGlobalSection
EndGlobal
