
Microsoft Visual Studio Solution File, Format Version 12.00
# Visual Studio 14
VisualStudioVersion = 14.0.25420.1
MinimumVisualStudioVersion = 10.0.40219.1
Project("{FAE04EC0-301F-11D3-BF4B-00C04F79EFBC}") = "EnigmaSim.Tests", "EnigmaSim.Tests\EnigmaSim.Tests.csproj", "{7133B259-00C8-4477-AA94-3EF23AFED451}"
EndProject
Project("{2150E333-8FDC-42A3-9474-1A3956D46DE8}") = "Solution Items", "Solution Items", "{6C2BC3A9-7A03-4E42-9970-AF328C9A8F58}"
	ProjectSection(SolutionItems) = preProject
		EnigmaSim.vsmdi = EnigmaSim.vsmdi
		Local.testsettings = Local.testsettings
		TraceAndTestImpact.testsettings = TraceAndTestImpact.testsettings
	EndProjectSection
EndProject
Project("{FAE04EC0-301F-11D3-BF4B-00C04F79EFBC}") = "EnigmaSim.ConsoleTest", "EnigmaSim.ConsoleTest\EnigmaSim.ConsoleTest.csproj", "{8211B85B-02E7-4EAA-B52B-BFDBEE1B5F85}"
EndProject
Project("{FAE04EC0-301F-11D3-BF4B-00C04F79EFBC}") = "Enigma.Simulator", "Enigma.Simulator\Enigma.Simulator.csproj", "{B3BA264A-2E14-4358-8AD8-9377C7C899A3}"
EndProject
Project("{FAE04EC0-301F-11D3-BF4B-00C04F79EFBC}") = "EnigmaSim", "EnigmaSim\EnigmaSim.csproj", "{C1F3AD63-B948-4770-AA46-64F871E42E3B}"
EndProject
Project("{FAE04EC0-301F-11D3-BF4B-00C04F79EFBC}") = "GTSoft.EnigmaSim.Model", "GTSoft.EnigmaSim.Model\GTSoft.EnigmaSim.Model.csproj", "{C7C5DB21-3B0E-4897-A932-F8B4E6481C7C}"
EndProject
Project("{FAE04EC0-301F-11D3-BF4B-00C04F79EFBC}") = "GTSoft.EnigmaSim.Components", "GTSoft.EnigmaSim.Components\GTSoft.EnigmaSim.Components.csproj", "{0EA2368F-4D26-4DF1-953B-1B8BD0DBE6E6}"
EndProject
Project("{FAE04EC0-301F-11D3-BF4B-00C04F79EFBC}") = "GTSoft.EnigmaSim.EnigmaEngine", "GTSoft.EnigmaSim.EnigmaEngine\GTSoft.EnigmaSim.EnigmaEngine.csproj", "{8956C166-27AE-4628-BA08-52546E2A5FBF}"
EndProject
Global
	GlobalSection(SolutionConfigurationPlatforms) = preSolution
		Debug|Any CPU = Debug|Any CPU
		Debug|iPhone = Debug|iPhone
		Debug|iPhoneSimulator = Debug|iPhoneSimulator
		Debug|Mixed Platforms = Debug|Mixed Platforms
		Debug|x86 = Debug|x86
		Release|Any CPU = Release|Any CPU
		Release|iPhone = Release|iPhone
		Release|iPhoneSimulator = Release|iPhoneSimulator
		Release|Mixed Platforms = Release|Mixed Platforms
		Release|x86 = Release|x86
	EndGlobalSection
	GlobalSection(ProjectConfigurationPlatforms) = postSolution
		{7133B259-00C8-4477-AA94-3EF23AFED451}.Debug|Any CPU.ActiveCfg = Debug|Any CPU
		{7133B259-00C8-4477-AA94-3EF23AFED451}.Debug|Any CPU.Build.0 = Debug|Any CPU
		{7133B259-00C8-4477-AA94-3EF23AFED451}.Debug|iPhone.ActiveCfg = Debug|Any CPU
		{7133B259-00C8-4477-AA94-3EF23AFED451}.Debug|iPhone.Build.0 = Debug|Any CPU
		{7133B259-00C8-4477-AA94-3EF23AFED451}.Debug|iPhoneSimulator.ActiveCfg = Debug|Any CPU
		{7133B259-00C8-4477-AA94-3EF23AFED451}.Debug|iPhoneSimulator.Build.0 = Debug|Any CPU
		{7133B259-00C8-4477-AA94-3EF23AFED451}.Debug|Mixed Platforms.ActiveCfg = Debug|Any CPU
		{7133B259-00C8-4477-AA94-3EF23AFED451}.Debug|x86.ActiveCfg = Debug|Any CPU
		{7133B259-00C8-4477-AA94-3EF23AFED451}.Release|Any CPU.ActiveCfg = Release|Any CPU
		{7133B259-00C8-4477-AA94-3EF23AFED451}.Release|Any CPU.Build.0 = Release|Any CPU
		{7133B259-00C8-4477-AA94-3EF23AFED451}.Release|iPhone.ActiveCfg = Release|Any CPU
		{7133B259-00C8-4477-AA94-3EF23AFED451}.Release|iPhone.Build.0 = Release|Any CPU
		{7133B259-00C8-4477-AA94-3EF23AFED451}.Release|iPhoneSimulator.ActiveCfg = Release|Any CPU
		{7133B259-00C8-4477-AA94-3EF23AFED451}.Release|iPhoneSimulator.Build.0 = Release|Any CPU
		{7133B259-00C8-4477-AA94-3EF23AFED451}.Release|Mixed Platforms.ActiveCfg = Release|Any CPU
		{7133B259-00C8-4477-AA94-3EF23AFED451}.Release|x86.ActiveCfg = Release|Any CPU
		{8211B85B-02E7-4EAA-B52B-BFDBEE1B5F85}.Debug|Any CPU.ActiveCfg = Debug|x86
		{8211B85B-02E7-4EAA-B52B-BFDBEE1B5F85}.Debug|iPhone.ActiveCfg = Debug|x86
		{8211B85B-02E7-4EAA-B52B-BFDBEE1B5F85}.Debug|iPhone.Build.0 = Debug|x86
		{8211B85B-02E7-4EAA-B52B-BFDBEE1B5F85}.Debug|iPhoneSimulator.ActiveCfg = Debug|x86
		{8211B85B-02E7-4EAA-B52B-BFDBEE1B5F85}.Debug|iPhoneSimulator.Build.0 = Debug|x86
		{8211B85B-02E7-4EAA-B52B-BFDBEE1B5F85}.Debug|Mixed Platforms.ActiveCfg = Debug|x86
		{8211B85B-02E7-4EAA-B52B-BFDBEE1B5F85}.Debug|Mixed Platforms.Build.0 = Debug|x86
		{8211B85B-02E7-4EAA-B52B-BFDBEE1B5F85}.Debug|x86.ActiveCfg = Debug|x86
		{8211B85B-02E7-4EAA-B52B-BFDBEE1B5F85}.Debug|x86.Build.0 = Debug|x86
		{8211B85B-02E7-4EAA-B52B-BFDBEE1B5F85}.Release|Any CPU.ActiveCfg = Release|x86
		{8211B85B-02E7-4EAA-B52B-BFDBEE1B5F85}.Release|iPhone.ActiveCfg = Release|x86
		{8211B85B-02E7-4EAA-B52B-BFDBEE1B5F85}.Release|iPhone.Build.0 = Release|x86
		{8211B85B-02E7-4EAA-B52B-BFDBEE1B5F85}.Release|iPhoneSimulator.ActiveCfg = Release|x86
		{8211B85B-02E7-4EAA-B52B-BFDBEE1B5F85}.Release|iPhoneSimulator.Build.0 = Release|x86
		{8211B85B-02E7-4EAA-B52B-BFDBEE1B5F85}.Release|Mixed Platforms.ActiveCfg = Release|x86
		{8211B85B-02E7-4EAA-B52B-BFDBEE1B5F85}.Release|Mixed Platforms.Build.0 = Release|x86
		{8211B85B-02E7-4EAA-B52B-BFDBEE1B5F85}.Release|x86.ActiveCfg = Release|x86
		{8211B85B-02E7-4EAA-B52B-BFDBEE1B5F85}.Release|x86.Build.0 = Release|x86
		{B3BA264A-2E14-4358-8AD8-9377C7C899A3}.Debug|Any CPU.ActiveCfg = Debug|x86
		{B3BA264A-2E14-4358-8AD8-9377C7C899A3}.Debug|iPhone.ActiveCfg = Debug|x86
		{B3BA264A-2E14-4358-8AD8-9377C7C899A3}.Debug|iPhone.Build.0 = Debug|x86
		{B3BA264A-2E14-4358-8AD8-9377C7C899A3}.Debug|iPhoneSimulator.ActiveCfg = Debug|x86
		{B3BA264A-2E14-4358-8AD8-9377C7C899A3}.Debug|iPhoneSimulator.Build.0 = Debug|x86
		{B3BA264A-2E14-4358-8AD8-9377C7C899A3}.Debug|Mixed Platforms.ActiveCfg = Debug|x86
		{B3BA264A-2E14-4358-8AD8-9377C7C899A3}.Debug|Mixed Platforms.Build.0 = Debug|x86
		{B3BA264A-2E14-4358-8AD8-9377C7C899A3}.Debug|x86.ActiveCfg = Debug|x86
		{B3BA264A-2E14-4358-8AD8-9377C7C899A3}.Debug|x86.Build.0 = Debug|x86
		{B3BA264A-2E14-4358-8AD8-9377C7C899A3}.Release|Any CPU.ActiveCfg = Release|x86
		{B3BA264A-2E14-4358-8AD8-9377C7C899A3}.Release|iPhone.ActiveCfg = Release|x86
		{B3BA264A-2E14-4358-8AD8-9377C7C899A3}.Release|iPhone.Build.0 = Release|x86
		{B3BA264A-2E14-4358-8AD8-9377C7C899A3}.Release|iPhoneSimulator.ActiveCfg = Release|x86
		{B3BA264A-2E14-4358-8AD8-9377C7C899A3}.Release|iPhoneSimulator.Build.0 = Release|x86
		{B3BA264A-2E14-4358-8AD8-9377C7C899A3}.Release|Mixed Platforms.ActiveCfg = Release|x86
		{B3BA264A-2E14-4358-8AD8-9377C7C899A3}.Release|Mixed Platforms.Build.0 = Release|x86
		{B3BA264A-2E14-4358-8AD8-9377C7C899A3}.Release|x86.ActiveCfg = Release|x86
		{B3BA264A-2E14-4358-8AD8-9377C7C899A3}.Release|x86.Build.0 = Release|x86
		{C1F3AD63-B948-4770-AA46-64F871E42E3B}.Debug|Any CPU.ActiveCfg = Debug|iPhoneSimulator
		{C1F3AD63-B948-4770-AA46-64F871E42E3B}.Debug|Any CPU.Build.0 = Debug|iPhoneSimulator
		{C1F3AD63-B948-4770-AA46-64F871E42E3B}.Debug|iPhone.ActiveCfg = Debug|iPhone
		{C1F3AD63-B948-4770-AA46-64F871E42E3B}.Debug|iPhone.Build.0 = Debug|iPhone
		{C1F3AD63-B948-4770-AA46-64F871E42E3B}.Debug|iPhoneSimulator.ActiveCfg = Debug|iPhoneSimulator
		{C1F3AD63-B948-4770-AA46-64F871E42E3B}.Debug|iPhoneSimulator.Build.0 = Debug|iPhoneSimulator
		{C1F3AD63-B948-4770-AA46-64F871E42E3B}.Debug|Mixed Platforms.ActiveCfg = Debug|iPhoneSimulator
		{C1F3AD63-B948-4770-AA46-64F871E42E3B}.Debug|Mixed Platforms.Build.0 = Debug|iPhoneSimulator
		{C1F3AD63-B948-4770-AA46-64F871E42E3B}.Debug|x86.ActiveCfg = Debug|iPhoneSimulator
		{C1F3AD63-B948-4770-AA46-64F871E42E3B}.Debug|x86.Build.0 = Debug|iPhoneSimulator
		{C1F3AD63-B948-4770-AA46-64F871E42E3B}.Release|Any CPU.ActiveCfg = Release|iPhone
		{C1F3AD63-B948-4770-AA46-64F871E42E3B}.Release|Any CPU.Build.0 = Release|iPhone
		{C1F3AD63-B948-4770-AA46-64F871E42E3B}.Release|iPhone.ActiveCfg = Release|iPhone
		{C1F3AD63-B948-4770-AA46-64F871E42E3B}.Release|iPhone.Build.0 = Release|iPhone
		{C1F3AD63-B948-4770-AA46-64F871E42E3B}.Release|iPhoneSimulator.ActiveCfg = Release|iPhoneSimulator
		{C1F3AD63-B948-4770-AA46-64F871E42E3B}.Release|iPhoneSimulator.Build.0 = Release|iPhoneSimulator
		{C1F3AD63-B948-4770-AA46-64F871E42E3B}.Release|Mixed Platforms.ActiveCfg = Release|iPhone
		{C1F3AD63-B948-4770-AA46-64F871E42E3B}.Release|Mixed Platforms.Build.0 = Release|iPhone
		{C1F3AD63-B948-4770-AA46-64F871E42E3B}.Release|x86.ActiveCfg = Release|iPhone
		{C1F3AD63-B948-4770-AA46-64F871E42E3B}.Release|x86.Build.0 = Release|iPhone
		{C7C5DB21-3B0E-4897-A932-F8B4E6481C7C}.Debug|Any CPU.ActiveCfg = Debug|Any CPU
		{C7C5DB21-3B0E-4897-A932-F8B4E6481C7C}.Debug|Any CPU.Build.0 = Debug|Any CPU
		{C7C5DB21-3B0E-4897-A932-F8B4E6481C7C}.Debug|iPhone.ActiveCfg = Debug|Any CPU
		{C7C5DB21-3B0E-4897-A932-F8B4E6481C7C}.Debug|iPhone.Build.0 = Debug|Any CPU
		{C7C5DB21-3B0E-4897-A932-F8B4E6481C7C}.Debug|iPhoneSimulator.ActiveCfg = Debug|Any CPU
		{C7C5DB21-3B0E-4897-A932-F8B4E6481C7C}.Debug|iPhoneSimulator.Build.0 = Debug|Any CPU
		{C7C5DB21-3B0E-4897-A932-F8B4E6481C7C}.Debug|Mixed Platforms.ActiveCfg = Debug|Any CPU
		{C7C5DB21-3B0E-4897-A932-F8B4E6481C7C}.Debug|Mixed Platforms.Build.0 = Debug|Any CPU
		{C7C5DB21-3B0E-4897-A932-F8B4E6481C7C}.Debug|x86.ActiveCfg = Debug|Any CPU
		{C7C5DB21-3B0E-4897-A932-F8B4E6481C7C}.Debug|x86.Build.0 = Debug|Any CPU
		{C7C5DB21-3B0E-4897-A932-F8B4E6481C7C}.Release|Any CPU.ActiveCfg = Release|Any CPU
		{C7C5DB21-3B0E-4897-A932-F8B4E6481C7C}.Release|Any CPU.Build.0 = Release|Any CPU
		{C7C5DB21-3B0E-4897-A932-F8B4E6481C7C}.Release|iPhone.ActiveCfg = Release|Any CPU
		{C7C5DB21-3B0E-4897-A932-F8B4E6481C7C}.Release|iPhone.Build.0 = Release|Any CPU
		{C7C5DB21-3B0E-4897-A932-F8B4E6481C7C}.Release|iPhoneSimulator.ActiveCfg = Release|Any CPU
		{C7C5DB21-3B0E-4897-A932-F8B4E6481C7C}.Release|iPhoneSimulator.Build.0 = Release|Any CPU
		{C7C5DB21-3B0E-4897-A932-F8B4E6481C7C}.Release|Mixed Platforms.ActiveCfg = Release|Any CPU
		{C7C5DB21-3B0E-4897-A932-F8B4E6481C7C}.Release|Mixed Platforms.Build.0 = Release|Any CPU
		{C7C5DB21-3B0E-4897-A932-F8B4E6481C7C}.Release|x86.ActiveCfg = Release|Any CPU
		{C7C5DB21-3B0E-4897-A932-F8B4E6481C7C}.Release|x86.Build.0 = Release|Any CPU
		{0EA2368F-4D26-4DF1-953B-1B8BD0DBE6E6}.Debug|Any CPU.ActiveCfg = Debug|Any CPU
		{0EA2368F-4D26-4DF1-953B-1B8BD0DBE6E6}.Debug|Any CPU.Build.0 = Debug|Any CPU
		{0EA2368F-4D26-4DF1-953B-1B8BD0DBE6E6}.Debug|iPhone.ActiveCfg = Debug|Any CPU
		{0EA2368F-4D26-4DF1-953B-1B8BD0DBE6E6}.Debug|iPhone.Build.0 = Debug|Any CPU
		{0EA2368F-4D26-4DF1-953B-1B8BD0DBE6E6}.Debug|iPhoneSimulator.ActiveCfg = Debug|Any CPU
		{0EA2368F-4D26-4DF1-953B-1B8BD0DBE6E6}.Debug|iPhoneSimulator.Build.0 = Debug|Any CPU
		{0EA2368F-4D26-4DF1-953B-1B8BD0DBE6E6}.Debug|Mixed Platforms.ActiveCfg = Debug|Any CPU
		{0EA2368F-4D26-4DF1-953B-1B8BD0DBE6E6}.Debug|Mixed Platforms.Build.0 = Debug|Any CPU
		{0EA2368F-4D26-4DF1-953B-1B8BD0DBE6E6}.Debug|x86.ActiveCfg = Debug|Any CPU
		{0EA2368F-4D26-4DF1-953B-1B8BD0DBE6E6}.Debug|x86.Build.0 = Debug|Any CPU
		{0EA2368F-4D26-4DF1-953B-1B8BD0DBE6E6}.Release|Any CPU.ActiveCfg = Release|Any CPU
		{0EA2368F-4D26-4DF1-953B-1B8BD0DBE6E6}.Release|Any CPU.Build.0 = Release|Any CPU
		{0EA2368F-4D26-4DF1-953B-1B8BD0DBE6E6}.Release|iPhone.ActiveCfg = Release|Any CPU
		{0EA2368F-4D26-4DF1-953B-1B8BD0DBE6E6}.Release|iPhone.Build.0 = Release|Any CPU
		{0EA2368F-4D26-4DF1-953B-1B8BD0DBE6E6}.Release|iPhoneSimulator.ActiveCfg = Release|Any CPU
		{0EA2368F-4D26-4DF1-953B-1B8BD0DBE6E6}.Release|iPhoneSimulator.Build.0 = Release|Any CPU
		{0EA2368F-4D26-4DF1-953B-1B8BD0DBE6E6}.Release|Mixed Platforms.ActiveCfg = Release|Any CPU
		{0EA2368F-4D26-4DF1-953B-1B8BD0DBE6E6}.Release|Mixed Platforms.Build.0 = Release|Any CPU
		{0EA2368F-4D26-4DF1-953B-1B8BD0DBE6E6}.Release|x86.ActiveCfg = Release|Any CPU
		{0EA2368F-4D26-4DF1-953B-1B8BD0DBE6E6}.Release|x86.Build.0 = Release|Any CPU
		{8956C166-27AE-4628-BA08-52546E2A5FBF}.Debug|Any CPU.ActiveCfg = Debug|Any CPU
		{8956C166-27AE-4628-BA08-52546E2A5FBF}.Debug|Any CPU.Build.0 = Debug|Any CPU
		{8956C166-27AE-4628-BA08-52546E2A5FBF}.Debug|iPhone.ActiveCfg = Debug|Any CPU
		{8956C166-27AE-4628-BA08-52546E2A5FBF}.Debug|iPhone.Build.0 = Debug|Any CPU
		{8956C166-27AE-4628-BA08-52546E2A5FBF}.Debug|iPhoneSimulator.ActiveCfg = Debug|Any CPU
		{8956C166-27AE-4628-BA08-52546E2A5FBF}.Debug|iPhoneSimulator.Build.0 = Debug|Any CPU
		{8956C166-27AE-4628-BA08-52546E2A5FBF}.Debug|Mixed Platforms.ActiveCfg = Debug|Any CPU
		{8956C166-27AE-4628-BA08-52546E2A5FBF}.Debug|Mixed Platforms.Build.0 = Debug|Any CPU
		{8956C166-27AE-4628-BA08-52546E2A5FBF}.Debug|x86.ActiveCfg = Debug|Any CPU
		{8956C166-27AE-4628-BA08-52546E2A5FBF}.Debug|x86.Build.0 = Debug|Any CPU
		{8956C166-27AE-4628-BA08-52546E2A5FBF}.Release|Any CPU.ActiveCfg = Release|Any CPU
		{8956C166-27AE-4628-BA08-52546E2A5FBF}.Release|Any CPU.Build.0 = Release|Any CPU
		{8956C166-27AE-4628-BA08-52546E2A5FBF}.Release|iPhone.ActiveCfg = Release|Any CPU
		{8956C166-27AE-4628-BA08-52546E2A5FBF}.Release|iPhone.Build.0 = Release|Any CPU
		{8956C166-27AE-4628-BA08-52546E2A5FBF}.Release|iPhoneSimulator.ActiveCfg = Release|Any CPU
		{8956C166-27AE-4628-BA08-52546E2A5FBF}.Release|iPhoneSimulator.Build.0 = Release|Any CPU
		{8956C166-27AE-4628-BA08-52546E2A5FBF}.Release|Mixed Platforms.ActiveCfg = Release|Any CPU
		{8956C166-27AE-4628-BA08-52546E2A5FBF}.Release|Mixed Platforms.Build.0 = Release|Any CPU
		{8956C166-27AE-4628-BA08-52546E2A5FBF}.Release|x86.ActiveCfg = Release|Any CPU
		{8956C166-27AE-4628-BA08-52546E2A5FBF}.Release|x86.Build.0 = Release|Any CPU
	EndGlobalSection
	GlobalSection(SolutionProperties) = preSolution
		HideSolutionNode = FALSE
	EndGlobalSection
	GlobalSection(TestCaseManagementSettings) = postSolution
		CategoryFile = EnigmaSim.vsmdi
	EndGlobalSection
EndGlobal
